
Microsoft Visual Studio Solution File, Format Version 12.00
# Visual Studio Version 16
VisualStudioVersion = 16.0.28922.388
MinimumVisualStudioVersion = 10.0.40219.1
Project("{FAE04EC0-301F-11D3-BF4B-00C04F79EFBC}") = "NumberFive", "NumberFive\NumberFive.csproj", "{0FF7C9FC-0E67-4FF3-A424-5721F0528250}"
EndProject
Global
	GlobalSection(SolutionConfigurationPlatforms) = preSolution
		Debug|Any CPU = Debug|Any CPU
		Release|Any CPU = Release|Any CPU
	EndGlobalSection
	GlobalSection(ProjectConfigurationPlatforms) = postSolution
		{0FF7C9FC-0E67-4FF3-A424-5721F0528250}.Debug|Any CPU.ActiveCfg = Debug|Any CPU
		{0FF7C9FC-0E67-4FF3-A424-5721F0528250}.Debug|Any CPU.Build.0 = Debug|Any CPU
		{0FF7C9FC-0E67-4FF3-A424-5721F0528250}.Release|Any CPU.ActiveCfg = Release|Any CPU
		{0FF7C9FC-0E67-4FF3-A424-5721F0528250}.Release|Any CPU.Build.0 = Release|Any CPU
	EndGlobalSection
	GlobalSection(SolutionProperties) = preSolution
		HideSolutionNode = FALSE
	EndGlobalSection
	GlobalSection(ExtensibilityGlobals) = postSolution
		SolutionGuid = {7DBB862B-28C7-42F9-82A7-D94580B2132C}
	EndGlobalSection
EndGlobal
